
Microsoft Visual Studio Solution File, Format Version 12.00
# Visual Studio Version 17
VisualStudioVersion = 17.3.32811.315
MinimumVisualStudioVersion = 10.0.40219.1
Project("{FAE04EC0-301F-11D3-BF4B-00C04F79EFBC}") = "BlazorAppWeb.Server", "BlazorAppWeb\Server\BlazorAppWeb.Server.csproj", "{D83395F0-E117-4FF6-8BFB-B3A4AD40D4D9}"
EndProject
Project("{FAE04EC0-301F-11D3-BF4B-00C04F79EFBC}") = "BlazorAppWeb.Client", "BlazorAppWeb\Client\BlazorAppWeb.Client.csproj", "{BF44D3F3-7307-44E1-99B9-53C32D0806E3}"
EndProject
Project("{FAE04EC0-301F-11D3-BF4B-00C04F79EFBC}") = "BlazorAppWeb.Shared", "BlazorAppWeb\Shared\BlazorAppWeb.Shared.csproj", "{8BA3983B-20A7-4E69-A3D3-0AFE3C0CBD32}"
EndProject
Global
	GlobalSection(SolutionConfigurationPlatforms) = preSolution
		Debug|Any CPU = Debug|Any CPU
		Release|Any CPU = Release|Any CPU
	EndGlobalSection
	GlobalSection(ProjectConfigurationPlatforms) = postSolution
		{D83395F0-E117-4FF6-8BFB-B3A4AD40D4D9}.Debug|Any CPU.ActiveCfg = Debug|Any CPU
		{D83395F0-E117-4FF6-8BFB-B3A4AD40D4D9}.Debug|Any CPU.Build.0 = Debug|Any CPU
		{D83395F0-E117-4FF6-8BFB-B3A4AD40D4D9}.Release|Any CPU.ActiveCfg = Release|Any CPU
		{D83395F0-E117-4FF6-8BFB-B3A4AD40D4D9}.Release|Any CPU.Build.0 = Release|Any CPU
		{BF44D3F3-7307-44E1-99B9-53C32D0806E3}.Debug|Any CPU.ActiveCfg = Debug|Any CPU
		{BF44D3F3-7307-44E1-99B9-53C32D0806E3}.Debug|Any CPU.Build.0 = Debug|Any CPU
		{BF44D3F3-7307-44E1-99B9-53C32D0806E3}.Release|Any CPU.ActiveCfg = Release|Any CPU
		{BF44D3F3-7307-44E1-99B9-53C32D0806E3}.Release|Any CPU.Build.0 = Release|Any CPU
		{8BA3983B-20A7-4E69-A3D3-0AFE3C0CBD32}.Debug|Any CPU.ActiveCfg = Debug|Any CPU
		{8BA3983B-20A7-4E69-A3D3-0AFE3C0CBD32}.Debug|Any CPU.Build.0 = Debug|Any CPU
		{8BA3983B-20A7-4E69-A3D3-0AFE3C0CBD32}.Release|Any CPU.ActiveCfg = Release|Any CPU
		{8BA3983B-20A7-4E69-A3D3-0AFE3C0CBD32}.Release|Any CPU.Build.0 = Release|Any CPU
	EndGlobalSection
	GlobalSection(SolutionProperties) = preSolution
		HideSolutionNode = FALSE
	EndGlobalSection
	GlobalSection(ExtensibilityGlobals) = postSolution
		SolutionGuid = {352C690F-EE28-45DE-ACF3-4CCBD76FBF9D}
	EndGlobalSection
EndGlobal
